
Microsoft Visual Studio Solution File, Format Version 12.00
# Visual Studio Version 17
VisualStudioVersion = 17.0.32126.317
MinimumVisualStudioVersion = 10.0.40219.1
Project("{FAE04EC0-301F-11D3-BF4B-00C04F79EFBC}") = "DMS.Template", "DMS.Template\DMS.Template.csproj", "{D2728DED-DAF3-4012-9E52-86757FDBC0BA}"
EndProject
Project("{FAE04EC0-301F-11D3-BF4B-00C04F79EFBC}") = "DMS.Template.Models", "DMS.Template.Models\DMS.Template.Models.csproj", "{30E6B27F-5727-46FC-A473-BE7E549EFAC5}"
EndProject
Project("{FAE04EC0-301F-11D3-BF4B-00C04F79EFBC}") = "DMS.Template.IService", "DMS.Template.IService\DMS.Template.IService.csproj", "{3CDF9194-5F35-46A6-9C01-7E22E1149D5D}"
EndProject
Project("{FAE04EC0-301F-11D3-BF4B-00C04F79EFBC}") = "DMS.Template.Service", "DMS.Template.Service\DMS.Template.Service.csproj", "{1245DB7A-7D8C-4D3E-8D21-CE63DD92D42B}"
EndProject
Project("{FAE04EC0-301F-11D3-BF4B-00C04F79EFBC}") = "DMS.Template.Repository", "DMS.Template.Repository\DMS.Template.Repository.csproj", "{1456737C-3C32-4704-8E7F-3FD8040F1B35}"
EndProject
Global
	GlobalSection(SolutionConfigurationPlatforms) = preSolution
		Debug|Any CPU = Debug|Any CPU
		Release|Any CPU = Release|Any CPU
	EndGlobalSection
	GlobalSection(ProjectConfigurationPlatforms) = postSolution
		{D2728DED-DAF3-4012-9E52-86757FDBC0BA}.Debug|Any CPU.ActiveCfg = Debug|Any CPU
		{D2728DED-DAF3-4012-9E52-86757FDBC0BA}.Debug|Any CPU.Build.0 = Debug|Any CPU
		{D2728DED-DAF3-4012-9E52-86757FDBC0BA}.Release|Any CPU.ActiveCfg = Release|Any CPU
		{D2728DED-DAF3-4012-9E52-86757FDBC0BA}.Release|Any CPU.Build.0 = Release|Any CPU
		{30E6B27F-5727-46FC-A473-BE7E549EFAC5}.Debug|Any CPU.ActiveCfg = Debug|Any CPU
		{30E6B27F-5727-46FC-A473-BE7E549EFAC5}.Debug|Any CPU.Build.0 = Debug|Any CPU
		{30E6B27F-5727-46FC-A473-BE7E549EFAC5}.Release|Any CPU.ActiveCfg = Release|Any CPU
		{30E6B27F-5727-46FC-A473-BE7E549EFAC5}.Release|Any CPU.Build.0 = Release|Any CPU
		{3CDF9194-5F35-46A6-9C01-7E22E1149D5D}.Debug|Any CPU.ActiveCfg = Debug|Any CPU
		{3CDF9194-5F35-46A6-9C01-7E22E1149D5D}.Debug|Any CPU.Build.0 = Debug|Any CPU
		{3CDF9194-5F35-46A6-9C01-7E22E1149D5D}.Release|Any CPU.ActiveCfg = Release|Any CPU
		{3CDF9194-5F35-46A6-9C01-7E22E1149D5D}.Release|Any CPU.Build.0 = Release|Any CPU
		{1245DB7A-7D8C-4D3E-8D21-CE63DD92D42B}.Debug|Any CPU.ActiveCfg = Debug|Any CPU
		{1245DB7A-7D8C-4D3E-8D21-CE63DD92D42B}.Debug|Any CPU.Build.0 = Debug|Any CPU
		{1245DB7A-7D8C-4D3E-8D21-CE63DD92D42B}.Release|Any CPU.ActiveCfg = Release|Any CPU
		{1245DB7A-7D8C-4D3E-8D21-CE63DD92D42B}.Release|Any CPU.Build.0 = Release|Any CPU
		{1456737C-3C32-4704-8E7F-3FD8040F1B35}.Debug|Any CPU.ActiveCfg = Debug|Any CPU
		{1456737C-3C32-4704-8E7F-3FD8040F1B35}.Debug|Any CPU.Build.0 = Debug|Any CPU
		{1456737C-3C32-4704-8E7F-3FD8040F1B35}.Release|Any CPU.ActiveCfg = Release|Any CPU
		{1456737C-3C32-4704-8E7F-3FD8040F1B35}.Release|Any CPU.Build.0 = Release|Any CPU
	EndGlobalSection
	GlobalSection(SolutionProperties) = preSolution
		HideSolutionNode = FALSE
	EndGlobalSection
	GlobalSection(ExtensibilityGlobals) = postSolution
		SolutionGuid = {BD5B187C-2DDA-4225-839C-04C4D0FCB074}
	EndGlobalSection
EndGlobal
